
Microsoft Visual Studio Solution File, Format Version 12.00
# Visual Studio Version 17
VisualStudioVersion = 17.4.33122.133
MinimumVisualStudioVersion = 10.0.40219.1
Project("{FAE04EC0-301F-11D3-BF4B-00C04F79EFBC}") = "IstocPos", "IstocPos\IstocPos.csproj", "{86393164-D7D2-4868-A466-4126434B581A}"
EndProject
Global
	GlobalSection(SolutionConfigurationPlatforms) = preSolution
		Debug|Any CPU = Debug|Any CPU
		Release|Any CPU = Release|Any CPU
	EndGlobalSection
	GlobalSection(ProjectConfigurationPlatforms) = postSolution
		{86393164-D7D2-4868-A466-4126434B581A}.Debug|Any CPU.ActiveCfg = Debug|Any CPU
		{86393164-D7D2-4868-A466-4126434B581A}.Debug|Any CPU.Build.0 = Debug|Any CPU
		{86393164-D7D2-4868-A466-4126434B581A}.Release|Any CPU.ActiveCfg = Release|Any CPU
		{86393164-D7D2-4868-A466-4126434B581A}.Release|Any CPU.Build.0 = Release|Any CPU
	EndGlobalSection
	GlobalSection(SolutionProperties) = preSolution
		HideSolutionNode = FALSE
	EndGlobalSection
	GlobalSection(ExtensibilityGlobals) = postSolution
		SolutionGuid = {176803C8-B514-44CA-8B76-B528B66C6C8A}
	EndGlobalSection
EndGlobal
